
Microsoft Visual Studio Solution File, Format Version 12.00
# Visual Studio Version 17
VisualStudioVersion = 17.9.34728.123
MinimumVisualStudioVersion = 10.0.40219.1
Project("{FAE04EC0-301F-11D3-BF4B-00C04F79EFBC}") = "net-ef-videogame", "net-ef-videogame.csproj", "{B2B3AB65-E481-4ABD-8F17-163CEACA0B4A}"
EndProject
Global
	GlobalSection(SolutionConfigurationPlatforms) = preSolution
		Debug|Any CPU = Debug|Any CPU
		Release|Any CPU = Release|Any CPU
	EndGlobalSection
	GlobalSection(ProjectConfigurationPlatforms) = postSolution
		{B2B3AB65-E481-4ABD-8F17-163CEACA0B4A}.Debug|Any CPU.ActiveCfg = Debug|Any CPU
		{B2B3AB65-E481-4ABD-8F17-163CEACA0B4A}.Debug|Any CPU.Build.0 = Debug|Any CPU
		{B2B3AB65-E481-4ABD-8F17-163CEACA0B4A}.Release|Any CPU.ActiveCfg = Release|Any CPU
		{B2B3AB65-E481-4ABD-8F17-163CEACA0B4A}.Release|Any CPU.Build.0 = Release|Any CPU
	EndGlobalSection
	GlobalSection(SolutionProperties) = preSolution
		HideSolutionNode = FALSE
	EndGlobalSection
	GlobalSection(ExtensibilityGlobals) = postSolution
		SolutionGuid = {C531E2B5-07A0-49E4-8040-B69C85EFFFA6}
	EndGlobalSection
EndGlobal
